schema: '2.0'
stages:
  process:
    cmd: python src/data_processing.py
    deps:
    - path: data/raw/fatalities_isr_pse_conflict_2000_to_2023.csv
      hash: md5
      md5: e8c86804e5416959e40dfef8f86376b5
      size: 3105520
    - path: src/data_processing.py
      hash: md5
      md5: 361677d102a01ed2dc891f185e679aac
      size: 975
    outs:
    - path: data/processed/monthly_fatalities_timeseries.csv
      hash: md5
      md5: 8235fbc47a2df10d52717eded84e5031
      size: 3758
  train:
    cmd: python src/model_training.py
    deps:
    - path: data/processed/monthly_fatalities_timeseries.csv
      hash: md5
      md5: 8235fbc47a2df10d52717eded84e5031
      size: 3758
    - path: src/model_training.py
      hash: md5
      md5: 6d0d81d4cdc819426d2f8ffd07ca0f3b
      size: 992
    outs:
    - path: models/forecasting_model.pkl
      hash: md5
      md5: a2da47e0c270972c45f87a9b5a3326c4
      size: 31011860
